
Microsoft Visual Studio Solution File, Format Version 12.00
# Visual Studio Version 17
VisualStudioVersion = 17.1.32210.238
MinimumVisualStudioVersion = 10.0.40219.1
Project("{9A19103F-16F7-4668-BE54-9A1E7A4F7556}") = "StarSpeaker.Core.Api", "StarSpeaker.Core.Api\StarSpeaker.Core.Api.csproj", "{3C63C47B-015A-4A42-8753-7DE9217E0996}"
EndProject
Project("{FAE04EC0-301F-11D3-BF4B-00C04F79EFBC}") = "StarSpeaker.Core.Api.Tests.Unit", "StarSpeaker.Core.Api.Tests.Unit\StarSpeaker.Core.Api.Tests.Unit.csproj", "{E82A269F-402E-4CC0-946E-06FEB413CAAA}"
EndProject
Global
	GlobalSection(SolutionConfigurationPlatforms) = preSolution
		Debug|Any CPU = Debug|Any CPU
		Release|Any CPU = Release|Any CPU
	EndGlobalSection
	GlobalSection(ProjectConfigurationPlatforms) = postSolution
		{3C63C47B-015A-4A42-8753-7DE9217E0996}.Debug|Any CPU.ActiveCfg = Debug|Any CPU
		{3C63C47B-015A-4A42-8753-7DE9217E0996}.Debug|Any CPU.Build.0 = Debug|Any CPU
		{3C63C47B-015A-4A42-8753-7DE9217E0996}.Release|Any CPU.ActiveCfg = Release|Any CPU
		{3C63C47B-015A-4A42-8753-7DE9217E0996}.Release|Any CPU.Build.0 = Release|Any CPU
		{E82A269F-402E-4CC0-946E-06FEB413CAAA}.Debug|Any CPU.ActiveCfg = Debug|Any CPU
		{E82A269F-402E-4CC0-946E-06FEB413CAAA}.Debug|Any CPU.Build.0 = Debug|Any CPU
		{E82A269F-402E-4CC0-946E-06FEB413CAAA}.Release|Any CPU.ActiveCfg = Release|Any CPU
		{E82A269F-402E-4CC0-946E-06FEB413CAAA}.Release|Any CPU.Build.0 = Release|Any CPU
	EndGlobalSection
	GlobalSection(SolutionProperties) = preSolution
		HideSolutionNode = FALSE
	EndGlobalSection
	GlobalSection(ExtensibilityGlobals) = postSolution
		SolutionGuid = {022B76C1-3907-4B07-88E0-E9F270A3915D}
	EndGlobalSection
EndGlobal
